<Solution>
  <Project Path="src/Vestigium.Helpers/Vestigium.Helpers.csproj" />
  <Folder Name="/Library/">
    <Project Path="src/Vestigium.Helpers.ClosedXml/Vestigium.Helpers.ClosedXml.csproj" />
    <Project Path="src/Vestigium.Helpers.Encryption/Vestigium.Helpers.Encryption.csproj" />
    <Project Path="src/Vestigium.Helpers.WinReg/Vestigium.Helpers.WinReg.csproj" />
    <Project Path="src/Vestigium.Helpers.Json/Vestigium.Helpers.Json.csproj" />
    <Project Path="src/Vestigium.Helpers.Xml/Vestigium.Helpers.Xml.csproj" />
    <Project Path="src/Vestigium.Helpers.FileIo/Vestigium.Helpers.FileIo.csproj" />
    <Project Path="src/Vestigium.Helpers.Processes/Vestigium.Helpers.Processes.csproj" />
    <Project Path="src/Vestigium.Helpers.Services/Vestigium.Helpers.Services.csproj" />
    <Project Path="src/Vestigium.Helpers.Analytics/Vestigium.Helpers.Analytics.csproj" />
    <Project Path="src/Vestigium.Helpers.Network/Vestigium.Helpers.Network.csproj" />
    <Project Path="src/Vestigium.Helpers.Csv/Vestigium.Helpers.Csv.csproj" />
  </Folder>
  <Folder Name="/Demo/">
    <Project Path="src/Vestigium.Helpers.Gallery/Vestigium.Helpers.Gallery.csproj" />
    <Project Path="src/Vestigium.Helpers.Demo/Vestigium.Helpers.Demo.csproj" />
    <Project Path="src/Vestigium.Helpers.ClosedXml.Demo/Vestigium.Helpers.ClosedXml.Demo.csproj" />
    <Project Path="src/Vestigium.Helpers.Encryption.Demo/Vestigium.Helpers.Encryption.Demo.csproj" />
    <Project Path="src/Vestigium.Helpers.WinReg.Demo/Vestigium.Helpers.WinReg.Demo.csproj" />
    <Project Path="src/Vestigium.Helpers.Json.Demo/Vestigium.Helpers.Json.Demo.csproj" />
    <Project Path="src/Vestigium.Helpers.Xml.Demo/Vestigium.Helpers.Xml.Demo.csproj" />
    <Project Path="src/Vestigium.Helpers.FileIo.Demo/Vestigium.Helpers.FileIo.Demo.csproj" />
    <Project Path="src/Vestigium.Helpers.Processes.Demo/Vestigium.Helpers.Processes.Demo.csproj" />
    <Project Path="src/Vestigium.Helpers.Services.Demo/Vestigium.Helpers.Services.Demo.csproj" />
    <Project Path="src/Vestigium.Helpers.Analytics.Demo/Vestigium.Helpers.Analytics.Demo.csproj" />
    <Project Path="src/Vestigium.Helpers.Network.Demo/Vestigium.Helpers.Network.Demo.csproj" />
    <Project Path="src/Vestigium.Helpers.Csv.Demo/Vestigium.Helpers.Csv.Demo.csproj" />
  </Folder>
  <Folder Name="/Logging/">
    <Project Path="../Vestigium.Logging/src/Vestigium.Logging/Vestigium.Logging.csproj" />
  </Folder>
  <Folder Name="/Tests/">
    <Project Path="src/Vestigium.Helpers.Tests/Vestigium.Helpers.Tests.csproj" />
  </Folder>
</Solution>
